
Microsoft Visual Studio Solution File, Format Version 12.00
# Visual Studio Version 17
VisualStudioVersion = 17.5.002.0
MinimumVisualStudioVersion = 10.0.40219.1
Project("{9A19103F-16F7-4668-BE54-9A1E7A4F7556}") = "DesafioProjetoHospedagem", "DesafioProjetoHospedagem.csproj", "{6F5FA38E-0F55-46BD-959A-F937A582B699}"
EndProject
Global
	GlobalSection(SolutionConfigurationPlatforms) = preSolution
		Debug|Any CPU = Debug|Any CPU
		Release|Any CPU = Release|Any CPU
	EndGlobalSection
	GlobalSection(ProjectConfigurationPlatforms) = postSolution
		{6F5FA38E-0F55-46BD-959A-F937A582B699}.Debug|Any CPU.ActiveCfg = Debug|Any CPU
		{6F5FA38E-0F55-46BD-959A-F937A582B699}.Debug|Any CPU.Build.0 = Debug|Any CPU
		{6F5FA38E-0F55-46BD-959A-F937A582B699}.Release|Any CPU.ActiveCfg = Release|Any CPU
		{6F5FA38E-0F55-46BD-959A-F937A582B699}.Release|Any CPU.Build.0 = Release|Any CPU
	EndGlobalSection
	GlobalSection(SolutionProperties) = preSolution
		HideSolutionNode = FALSE
	EndGlobalSection
	GlobalSection(ExtensibilityGlobals) = postSolution
		SolutionGuid = {2807C861-F43D-4313-BF6E-8C72CA7AD2BD}
	EndGlobalSection
EndGlobal
